// !$*UTF8*$!
{
	archiveVersion = 1;
	classes = {
	};
	objectVersion = 46;
	objects = {

/* Begin PBXBuildFile section */
		A6187BBD1C2D0CDE002F5B8C /* background.png in Resources */ = {isa = PBXBuildFile; fileRef = A6187BBC1C2D0CDE002F5B8C /* background.png */; };
		A62A4C3B1C2BF74C0069A1AE /* Solves.swift in Sources */ = {isa = PBXBuildFile; fileRef = A62A4C3A1C2BF74C0069A1AE /* Solves.swift */; };
		A62A4C471C2C10A20069A1AE /* divider-alt.png in Resources */ = {isa = PBXBuildFile; fileRef = A62A4C461C2C10A20069A1AE /* divider-alt.png */; };
		A62E602D1C32739700A8DD32 /* Solve.swift in Sources */ = {isa = PBXBuildFile; fileRef = A62E602C1C32739700A8DD32 /* Solve.swift */; };
		A6409A791C276A8C007044BE /* CubeTimeData.xcdatamodeld in Sources */ = {isa = PBXBuildFile; fileRef = A6409A771C276A8C007044BE /* CubeTimeData.xcdatamodeld */; };
		A65695E41C1F8BDE00D7B9DA /* Scrambler.swift in Sources */ = {isa = PBXBuildFile; fileRef = A65695E31C1F8BDE00D7B9DA /* Scrambler.swift */; };
		A65695E61C1F933300D7B9DA /* Timer.swift in Sources */ = {isa = PBXBuildFile; fileRef = A65695E51C1F933300D7B9DA /* Timer.swift */; };
		A6BA965C1C29FDEE006EC685 /* OneSolveViewController.swift in Sources */ = {isa = PBXBuildFile; fileRef = A6BA965B1C29FDEE006EC685 /* OneSolveViewController.swift */; };
		A6BBCAAF1B68B3070049FB00 /* AppDelegate.swift in Sources */ = {isa = PBXBuildFile; fileRef = A6BBCAAE1B68B3070049FB00 /* AppDelegate.swift */; };
		A6BBCAB61B68B3070049FB00 /* Main.storyboard in Resources */ = {isa = PBXBuildFile; fileRef = A6BBCAB41B68B3070049FB00 /* Main.storyboard */; };
		A6BBCAB81B68B3070049FB00 /* Images.xcassets in Resources */ = {isa = PBXBuildFile; fileRef = A6BBCAB71B68B3070049FB00 /* Images.xcassets */; };
		A6BBCABB1B68B3070049FB00 /* LaunchScreen.xib in Resources */ = {isa = PBXBuildFile; fileRef = A6BBCAB91B68B3070049FB00 /* LaunchScreen.xib */; };
		A6BBCAC71B68B3070049FB00 /* CubeTimeTests.swift in Sources */ = {isa = PBXBuildFile; fileRef = A6BBCAC61B68B3070049FB00 /* CubeTimeTests.swift */; };
		A6C328D21C33C80300EF5DD4 /* clapping.mp3 in Resources */ = {isa = PBXBuildFile; fileRef = A6C328D11C33C80300EF5DD4 /* clapping.mp3 */; };
		A6CEEB021B71EC0900F2AEC8 /* TableViewController.swift in Sources */ = {isa = PBXBuildFile; fileRef = A6CEEB011B71EC0900F2AEC8 /* TableViewController.swift */; };
		A6F67B5A1C33BE5D009ADF12 /* beep.wav in Resources */ = {isa = PBXBuildFile; fileRef = A6F67B591C33BE5D009ADF12 /* beep.wav */; };
		A6F67B5C1C33C459009ADF12 /* countdown.wav in Resources */ = {isa = PBXBuildFile; fileRef = A6F67B5B1C33C459009ADF12 /* countdown.wav */; };
		A6F92A811C33CB6900466E0F /* MainViewController.swift in Sources */ = {isa = PBXBuildFile; fileRef = A6F92A801C33CB6900466E0F /* MainViewController.swift */; };
/* End PBXBuildFile section */

/* Begin PBXContainerItemProxy section */
		A6BBCAC11B68B3070049FB00 /* PBXContainerItemProxy */ = {
			isa = PBXContainerItemProxy;
			containerPortal = A6BBCAA11B68B3060049FB00 /* Project object */;
			proxyType = 1;
			remoteGlobalIDString = A6BBCAA81B68B3060049FB00;
			remoteInfo = CubeTime;
		};
/* End PBXContainerItemProxy section */

/* Begin PBXFileReference section */
		A6187BBC1C2D0CDE002F5B8C /* background.png */ = {isa = PBXFileReference; lastKnownFileType = image.png; path = background.png; sourceTree = "<group>"; };
		A62A4C3A1C2BF74C0069A1AE /* Solves.swift */ = {isa = PBXFileReference; fileEncoding = 4; lastKnownFileType = sourcecode.swift; path = Solves.swift; sourceTree = "<group>"; };
		A62A4C461C2C10A20069A1AE /* divider-alt.png */ = {isa = PBXFileReference; lastKnownFileType = image.png; path = "divider-alt.png"; sourceTree = "<group>"; };
		A62E602C1C32739700A8DD32 /* Solve.swift */ = {isa = PBXFileReference; fileEncoding = 4; lastKnownFileType = sourcecode.swift; path = Solve.swift; sourceTree = "<group>"; };
		A6409A781C276A8C007044BE /* CubeTimeData.xcdatamodel */ = {isa = PBXFileReference; lastKnownFileType = wrapper.xcdatamodel; path = CubeTimeData.xcdatamodel; sourceTree = "<group>"; };
		A65695E31C1F8BDE00D7B9DA /* Scrambler.swift */ = {isa = PBXFileReference; fileEncoding = 4; lastKnownFileType = sourcecode.swift; path = Scrambler.swift; sourceTree = "<group>"; };
		A65695E51C1F933300D7B9DA /* Timer.swift */ = {isa = PBXFileReference; fileEncoding = 4; lastKnownFileType = sourcecode.swift; path = Timer.swift; sourceTree = "<group>"; };
		A6BA965B1C29FDEE006EC685 /* OneSolveViewController.swift */ = {isa = PBXFileReference; fileEncoding = 4; lastKnownFileType = sourcecode.swift; path = OneSolveViewController.swift; sourceTree = "<group>"; };
		A6BBCAA91B68B3070049FB00 /* CubeTime.app */ = {isa = PBXFileReference; explicitFileType = wrapper.application; includeInIndex = 0; path = CubeTime.app; sourceTree = BUILT_PRODUCTS_DIR; };
		A6BBCAAD1B68B3070049FB00 /* Info.plist */ = {isa = PBXFileReference; lastKnownFileType = text.plist.xml; path = Info.plist; sourceTree = "<group>"; };
		A6BBCAAE1B68B3070049FB00 /* AppDelegate.swift */ = {isa = PBXFileReference; lastKnownFileType = sourcecode.swift; path = AppDelegate.swift; sourceTree = "<group>"; };
		A6BBCAB51B68B3070049FB00 /* Base */ = {isa = PBXFileReference; lastKnownFileType = file.storyboard; name = Base; path = Base.lproj/Main.storyboard; sourceTree = "<group>"; };
		A6BBCAB71B68B3070049FB00 /* Images.xcassets */ = {isa = PBXFileReference; lastKnownFileType = folder.assetcatalog; path = Images.xcassets; sourceTree = "<group>"; };
		A6BBCABA1B68B3070049FB00 /* Base */ = {isa = PBXFileReference; lastKnownFileType = file.xib; name = Base; path = Base.lproj/LaunchScreen.xib; sourceTree = "<group>"; };
		A6BBCAC01B68B3070049FB00 /* CubeTimeTests.xctest */ = {isa = PBXFileReference; explicitFileType = wrapper.cfbundle; includeInIndex = 0; path = CubeTimeTests.xctest; sourceTree = BUILT_PRODUCTS_DIR; };
		A6BBCAC51B68B3070049FB00 /* Info.plist */ = {isa = PBXFileReference; lastKnownFileType = text.plist.xml; path = Info.plist; sourceTree = "<group>"; };
		A6BBCAC61B68B3070049FB00 /* CubeTimeTests.swift */ = {isa = PBXFileReference; lastKnownFileType = sourcecode.swift; path = CubeTimeTests.swift; sourceTree = "<group>"; };
		A6C328D11C33C80300EF5DD4 /* clapping.mp3 */ = {isa = PBXFileReference; lastKnownFileType = audio.mp3; path = clapping.mp3; sourceTree = "<group>"; };
		A6CEEB011B71EC0900F2AEC8 /* TableViewController.swift */ = {isa = PBXFileReference; fileEncoding = 4; lastKnownFileType = sourcecode.swift; path = TableViewController.swift; sourceTree = "<group>"; };
		A6F67B591C33BE5D009ADF12 /* beep.wav */ = {isa = PBXFileReference; lastKnownFileType = audio.wav; path = beep.wav; sourceTree = "<group>"; };
		A6F67B5B1C33C459009ADF12 /* countdown.wav */ = {isa = PBXFileReference; lastKnownFileType = audio.wav; path = countdown.wav; sourceTree = "<group>"; };
		A6F92A801C33CB6900466E0F /* MainViewController.swift */ = {isa = PBXFileReference; fileEncoding = 4; lastKnownFileType = sourcecode.swift; path = MainViewController.swift; sourceTree = "<group>"; };
/* End PBXFileReference section */

/* Begin PBXFrameworksBuildPhase section */
		A6BBCAA61B68B3060049FB00 /* Frameworks */ = {
			isa = PBXFrameworksBuildPhase;
			buildActionMask = 2147483647;
			files = (
			);
			runOnlyForDeploymentPostprocessing = 0;
		};
		A6BBCABD1B68B3070049FB00 /* Frameworks */ = {
			isa = PBXFrameworksBuildPhase;
			buildActionMask = 2147483647;
			files = (
			);
			runOnlyForDeploymentPostprocessing = 0;
		};
/* End PBXFrameworksBuildPhase section */

/* Begin PBXGroup section */
		A6BBCAA01B68B3060049FB00 = {
			isa = PBXGroup;
			children = (
				A6BBCAAB1B68B3070049FB00 /* CubeTime */,
				A6BBCAC31B68B3070049FB00 /* CubeTimeTests */,
				A6BBCAAA1B68B3070049FB00 /* Products */,
			);
			sourceTree = "<group>";
		};
		A6BBCAAA1B68B3070049FB00 /* Products */ = {
			isa = PBXGroup;
			children = (
				A6BBCAA91B68B3070049FB00 /* CubeTime.app */,
				A6BBCAC01B68B3070049FB00 /* CubeTimeTests.xctest */,
			);
			name = Products;
			sourceTree = "<group>";
		};
		A6BBCAAB1B68B3070049FB00 /* CubeTime */ = {
			isa = PBXGroup;
			children = (
				A6BBCAB41B68B3070049FB00 /* Main.storyboard */,
				A6BBCAAE1B68B3070049FB00 /* AppDelegate.swift */,
				A6F92A801C33CB6900466E0F /* MainViewController.swift */,
				A65695E51C1F933300D7B9DA /* Timer.swift */,
				A65695E31C1F8BDE00D7B9DA /* Scrambler.swift */,
				A6CEEB011B71EC0900F2AEC8 /* TableViewController.swift */,
				A62A4C3A1C2BF74C0069A1AE /* Solves.swift */,
				A62E602C1C32739700A8DD32 /* Solve.swift */,
				A6BA965B1C29FDEE006EC685 /* OneSolveViewController.swift */,
				A6409A771C276A8C007044BE /* CubeTimeData.xcdatamodeld */,
				A6BBCAB71B68B3070049FB00 /* Images.xcassets */,
				A6BBCAB91B68B3070049FB00 /* LaunchScreen.xib */,
				A6BBCAAC1B68B3070049FB00 /* Supporting Files */,
			);
			path = CubeTime;
			sourceTree = "<group>";
		};
		A6BBCAAC1B68B3070049FB00 /* Supporting Files */ = {
			isa = PBXGroup;
			children = (
				A6F67B591C33BE5D009ADF12 /* beep.wav */,
				A6F67B5B1C33C459009ADF12 /* countdown.wav */,
				A6C328D11C33C80300EF5DD4 /* clapping.mp3 */,
				A62A4C461C2C10A20069A1AE /* divider-alt.png */,
				A6187BBC1C2D0CDE002F5B8C /* background.png */,
				A6BBCAAD1B68B3070049FB00 /* Info.plist */,
			);
			name = "Supporting Files";
			sourceTree = "<group>";
		};
		A6BBCAC31B68B3070049FB00 /* CubeTimeTests */ = {
			isa = PBXGroup;
			children = (
				A6BBCAC61B68B3070049FB00 /* CubeTimeTests.swift */,
				A6BBCAC41B68B3070049FB00 /* Supporting Files */,
			);
			path = CubeTimeTests;
			sourceTree = "<group>";
		};
		A6BBCAC41B68B3070049FB00 /* Supporting Files */ = {
			isa = PBXGroup;
			children = (
				A6BBCAC51B68B3070049FB00 /* Info.plist */,
			);
			name = "Supporting Files";
			sourceTree = "<group>";
		};
/* End PBXGroup section */

/* Begin PBXNativeTarget section */
		A6BBCAA81B68B3060049FB00 /* CubeTime */ = {
			isa = PBXNativeTarget;
			buildConfigurationList = A6BBCACA1B68B3070049FB00 /* Build configuration list for PBXNativeTarget "CubeTime" */;
			buildPhases = (
				A6BBCAA51B68B3060049FB00 /* Sources */,
				A6BBCAA61B68B3060049FB00 /* Frameworks */,
				A6BBCAA71B68B3060049FB00 /* Resources */,
			);
			buildRules = (
			);
			dependencies = (
			);
			name = CubeTime;
			productName = CubeTime;
			productReference = A6BBCAA91B68B3070049FB00 /* CubeTime.app */;
			productType = "com.apple.product-type.application";
		};
		A6BBCABF1B68B3070049FB00 /* CubeTimeTests */ = {
			isa = PBXNativeTarget;
			buildConfigurationList = A6BBCACD1B68B3070049FB00 /* Build configuration list for PBXNativeTarget "CubeTimeTests" */;
			buildPhases = (
				A6BBCABC1B68B3070049FB00 /* Sources */,
				A6BBCABD1B68B3070049FB00 /* Frameworks */,
				A6BBCABE1B68B3070049FB00 /* Resources */,
			);
			buildRules = (
			);
			dependencies = (
				A6BBCAC21B68B3070049FB00 /* PBXTargetDependency */,
			);
			name = CubeTimeTests;
			productName = CubeTimeTests;
			productReference = A6BBCAC01B68B3070049FB00 /* CubeTimeTests.xctest */;
			productType = "com.apple.product-type.bundle.unit-test";
		};
/* End PBXNativeTarget section */

/* Begin PBXProject section */
		A6BBCAA11B68B3060049FB00 /* Project object */ = {
			isa = PBXProject;
			attributes = {
				LastSwiftUpdateCheck = 0710;
				LastUpgradeCheck = 0720;
				ORGANIZATIONNAME = Bibek;
				TargetAttributes = {
					A6BBCAA81B68B3060049FB00 = {
						CreatedOnToolsVersion = 6.4;
						DevelopmentTeam = RM633P225J;
					};
					A6BBCABF1B68B3070049FB00 = {
						CreatedOnToolsVersion = 6.4;
						TestTargetID = A6BBCAA81B68B3060049FB00;
					};
				};
			};
			buildConfigurationList = A6BBCAA41B68B3060049FB00 /* Build configuration list for PBXProject "CubeTime" */;
			compatibilityVersion = "Xcode 3.2";
			developmentRegion = English;
			hasScannedForEncodings = 0;
			knownRegions = (
				en,
				Base,
			);
			mainGroup = A6BBCAA01B68B3060049FB00;
			productRefGroup = A6BBCAAA1B68B3070049FB00 /* Products */;
			projectDirPath = "";
			projectRoot = "";
			targets = (
				A6BBCAA81B68B3060049FB00 /* CubeTime */,
				A6BBCABF1B68B3070049FB00 /* CubeTimeTests */,
			);
		};
/* End PBXProject section */

/* Begin PBXResourcesBuildPhase section */
		A6BBCAA71B68B3060049FB00 /* Resources */ = {
			isa = PBXResourcesBuildPhase;
			buildActionMask = 2147483647;
			files = (
				A6BBCAB61B68B3070049FB00 /* Main.storyboard in Resources */,
				A6187BBD1C2D0CDE002F5B8C /* background.png in Resources */,
				A6BBCABB1B68B3070049FB00 /* LaunchScreen.xib in Resources */,
				A62A4C471C2C10A20069A1AE /* divider-alt.png in Resources */,
				A6F67B5A1C33BE5D009ADF12 /* beep.wav in Resources */,
				A6F67B5C1C33C459009ADF12 /* countdown.wav in Resources */,
				A6BBCAB81B68B3070049FB00 /* Images.xcassets in Resources */,
				A6C328D21C33C80300EF5DD4 /* clapping.mp3 in Resources */,
			);
			runOnlyForDeploymentPostprocessing = 0;
		};
		A6BBCABE1B68B3070049FB00 /* Resources */ = {
			isa = PBXResourcesBuildPhase;
			buildActionMask = 2147483647;
			files = (
			);
			runOnlyForDeploymentPostprocessing = 0;
		};
/* End PBXResourcesBuildPhase section */

/* Begin PBXSourcesBuildPhase section */
		A6BBCAA51B68B3060049FB00 /* Sources */ = {
			isa = PBXSourcesBuildPhase;
			buildActionMask = 2147483647;
			files = (
				A6409A791C276A8C007044BE /* CubeTimeData.xcdatamodeld in Sources */,
				A62E602D1C32739700A8DD32 /* Solve.swift in Sources */,
				A6BBCAAF1B68B3070049FB00 /* AppDelegate.swift in Sources */,
				A65695E41C1F8BDE00D7B9DA /* Scrambler.swift in Sources */,
				A62A4C3B1C2BF74C0069A1AE /* Solves.swift in Sources */,
				A65695E61C1F933300D7B9DA /* Timer.swift in Sources */,
				A6F92A811C33CB6900466E0F /* MainViewController.swift in Sources */,
				A6CEEB021B71EC0900F2AEC8 /* TableViewController.swift in Sources */,
				A6BA965C1C29FDEE006EC685 /* OneSolveViewController.swift in Sources */,
			);
			runOnlyForDeploymentPostprocessing = 0;
		};
		A6BBCABC1B68B3070049FB00 /* Sources */ = {
			isa = PBXSourcesBuildPhase;
			buildActionMask = 2147483647;
			files = (
				A6BBCAC71B68B3070049FB00 /* CubeTimeTests.swift in Sources */,
			);
			runOnlyForDeploymentPostprocessing = 0;
		};
/* End PBXSourcesBuildPhase section */

/* Begin PBXTargetDependency section */
		A6BBCAC21B68B3070049FB00 /* PBXTargetDependency */ = {
			isa = PBXTargetDependency;
			target = A6BBCAA81B68B3060049FB00 /* CubeTime */;
			targetProxy = A6BBCAC11B68B3070049FB00 /* PBXContainerItemProxy */;
		};
/* End PBXTargetDependency section */

/* Begin PBXVariantGroup section */
		A6BBCAB41B68B3070049FB00 /* Main.storyboard */ = {
			isa = PBXVariantGroup;
			children = (
				A6BBCAB51B68B3070049FB00 /* Base */,
			);
			name = Main.storyboard;
			sourceTree = "<group>";
		};
		A6BBCAB91B68B3070049FB00 /* LaunchScreen.xib */ = {
			isa = PBXVariantGroup;
			children = (
				A6BBCABA1B68B3070049FB00 /* Base */,
			);
			name = LaunchScreen.xib;
			sourceTree = "<group>";
		};
/* End PBXVariantGroup section */

/* Begin XCBuildConfiguration section */
		A6BBCAC81B68B3070049FB00 /* Debug */ = {
			isa = XCBuildConfiguration;
			buildSettings = {
				ALWAYS_SEARCH_USER_PATHS = NO;
				CLANG_CXX_LANGUAGE_STANDARD = "gnu++0x";
				CLANG_CXX_LIBRARY = "libc++";
				CLANG_ENABLE_MODULES = YES;
				CLANG_ENABLE_OBJC_ARC = YES;
				CLANG_WARN_BOOL_CONVERSION = YES;
				CLANG_WARN_CONSTANT_CONVERSION = YES;
				CLANG_WARN_DIRECT_OBJC_ISA_USAGE = YES_ERROR;
				CLANG_WARN_EMPTY_BODY = YES;
				CLANG_WARN_ENUM_CONVERSION = YES;
				CLANG_WARN_INT_CONVERSION = YES;
				CLANG_WARN_OBJC_ROOT_CLASS = YES_ERROR;
				CLANG_WARN_UNREACHABLE_CODE = YES;
				CLANG_WARN__DUPLICATE_METHOD_MATCH = YES;
				"CODE_SIGN_IDENTITY[sdk=iphoneos*]" = "iPhone Developer";
				COPY_PHASE_STRIP = NO;
				DEBUG_INFORMATION_FORMAT = "dwarf-with-dsym";
				ENABLE_STRICT_OBJC_MSGSEND = YES;
				ENABLE_TESTABILITY = YES;
				GCC_C_LANGUAGE_STANDARD = gnu99;
				GCC_DYNAMIC_NO_PIC = NO;
				GCC_NO_COMMON_BLOCKS = YES;
				GCC_OPTIMIZATION_LEVEL = 0;
				GCC_PREPROCESSOR_DEFINITIONS = (
					"DEBUG=1",
					"$(inherited)",
				);
				GCC_SYMBOLS_PRIVATE_EXTERN = NO;
				GCC_WARN_64_TO_32_BIT_CONVERSION = YES;
				GCC_WARN_ABOUT_RETURN_TYPE = YES_ERROR;
				GCC_WARN_UNDECLARED_SELECTOR = YES;
				GCC_WARN_UNINITIALIZED_AUTOS = YES_AGGRESSIVE;
				GCC_WARN_UNUSED_FUNCTION = YES;
				GCC_WARN_UNUSED_VARIABLE = YES;
				IPHONEOS_DEPLOYMENT_TARGET = 9.0;
				MTL_ENABLE_DEBUG_INFO = YES;
				ONLY_ACTIVE_ARCH = YES;
				SDKROOT = iphoneos;
				SWIFT_OPTIMIZATION_LEVEL = "-Onone";
			};
			name = Debug;
		};
		A6BBCAC91B68B3070049FB00 /* Release */ = {
			isa = XCBuildConfiguration;
			buildSettings = {
				ALWAYS_SEARCH_USER_PATHS = NO;
				CLANG_CXX_LANGUAGE_STANDARD = "gnu++0x";
				CLANG_CXX_LIBRARY = "libc++";
				CLANG_ENABLE_MODULES = YES;
				CLANG_ENABLE_OBJC_ARC = YES;
				CLANG_WARN_BOOL_CONVERSION = YES;
				CLANG_WARN_CONSTANT_CONVERSION = YES;
				CLANG_WARN_DIRECT_OBJC_ISA_USAGE = YES_ERROR;
				CLANG_WARN_EMPTY_BODY = YES;
				CLANG_WARN_ENUM_CONVERSION = YES;
				CLANG_WARN_INT_CONVERSION = YES;
				CLANG_WARN_OBJC_ROOT_CLASS = YES_ERROR;
				CLANG_WARN_UNREACHABLE_CODE = YES;
				CLANG_WARN__DUPLICATE_METHOD_MATCH = YES;
				"CODE_SIGN_IDENTITY[sdk=iphoneos*]" = "iPhone Developer";
				COPY_PHASE_STRIP = NO;
				DEBUG_INFORMATION_FORMAT = "dwarf-with-dsym";
				ENABLE_NS_ASSERTIONS = NO;
				ENABLE_STRICT_OBJC_MSGSEND = YES;
				GCC_C_LANGUAGE_STANDARD = gnu99;
				GCC_NO_COMMON_BLOCKS = YES;
				GCC_WARN_64_TO_32_BIT_CONVERSION = YES;
				GCC_WARN_ABOUT_RETURN_TYPE = YES_ERROR;
				GCC_WARN_UNDECLARED_SELECTOR = YES;
				GCC_WARN_UNINITIALIZED_AUTOS = YES_AGGRESSIVE;
				GCC_WARN_UNUSED_FUNCTION = YES;
				GCC_WARN_UNUSED_VARIABLE = YES;
				IPHONEOS_DEPLOYMENT_TARGET = 9.0;
				MTL_ENABLE_DEBUG_INFO = NO;
				SDKROOT = iphoneos;
				VALIDATE_PRODUCT = YES;
			};
			name = Release;
		};
		A6BBCACB1B68B3070049FB00 /* Debug */ = {
			isa = XCBuildConfiguration;
			buildSettings = {
				ASSETCATALOG_COMPILER_APPICON_NAME = AppIcon;
				CODE_SIGN_IDENTITY = "iPhone Developer";
				"CODE_SIGN_IDENTITY[sdk=iphoneos*]" = "iPhone Developer";
				INFOPLIST_FILE = CubeTime/Info.plist;
				LD_RUNPATH_SEARCH_PATHS = "$(inherited) @executable_path/Frameworks";
				PRODUCT_BUNDLE_IDENTIFIER = bibekg.edu.CubeTime;
				PRODUCT_NAME = "$(TARGET_NAME)";
				PROVISIONING_PROFILE = "";
				TARGETED_DEVICE_FAMILY = "1,2";
			};
			name = Debug;
		};
		A6BBCACC1B68B3070049FB00 /* Release */ = {
			isa = XCBuildConfiguration;
			buildSettings = {
				ASSETCATALOG_COMPILER_APPICON_NAME = AppIcon;
				CODE_SIGN_IDENTITY = "iPhone Developer";
				"CODE_SIGN_IDENTITY[sdk=iphoneos*]" = "iPhone Developer";
				INFOPLIST_FILE = CubeTime/Info.plist;
				LD_RUNPATH_SEARCH_PATHS = "$(inherited) @executable_path/Frameworks";
				PRODUCT_BUNDLE_IDENTIFIER = bibekg.edu.CubeTime;
				PRODUCT_NAME = "$(TARGET_NAME)";
				PROVISIONING_PROFILE = "";
				TARGETED_DEVICE_FAMILY = "1,2";
			};
			name = Release;
		};
		A6BBCACE1B68B3070049FB00 /* Debug */ = {
			isa = XCBuildConfiguration;
			buildSettings = {
				BUNDLE_LOADER = "$(TEST_HOST)";
				GCC_PREPROCESSOR_DEFINITIONS = (
					"DEBUG=1",
					"$(inherited)",
				);
				INFOPLIST_FILE = CubeTimeTests/Info.plist;
				LD_RUNPATH_SEARCH_PATHS = "$(inherited) @executable_path/Frameworks @loader_path/Frameworks";
				PRODUCT_BUNDLE_IDENTIFIER = "self.edu.$(PRODUCT_NAME:rfc1034identifier)";
				PRODUCT_NAME = "$(TARGET_NAME)";
				TEST_HOST = "$(BUILT_PRODUCTS_DIR)/CubeTime.app/CubeTime";
			};
			name = Debug;
		};
		A6BBCACF1B68B3070049FB00 /* Release */ = {
			isa = XCBuildConfiguration;
			buildSettings = {
				BUNDLE_LOADER = "$(TEST_HOST)";
				INFOPLIST_FILE = CubeTimeTests/Info.plist;
				LD_RUNPATH_SEARCH_PATHS = "$(inherited) @executable_path/Frameworks @loader_path/Frameworks";
				PRODUCT_BUNDLE_IDENTIFIER = "self.edu.$(PRODUCT_NAME:rfc1034identifier)";
				PRODUCT_NAME = "$(TARGET_NAME)";
				TEST_HOST = "$(BUILT_PRODUCTS_DIR)/CubeTime.app/CubeTime";
			};
			name = Release;
		};
/* End XCBuildConfiguration section */

/* Begin XCConfigurationList section */
		A6BBCAA41B68B3060049FB00 /* Build configuration list for PBXProject "CubeTime" */ = {
			isa = XCConfigurationList;
			buildConfigurations = (
				A6BBCAC81B68B3070049FB00 /* Debug */,
				A6BBCAC91B68B3070049FB00 /* Release */,
			);
			defaultConfigurationIsVisible = 0;
			defaultConfigurationName = Release;
		};
		A6BBCACA1B68B3070049FB00 /* Build configuration list for PBXNativeTarget "CubeTime" */ = {
			isa = XCConfigurationList;
			buildConfigurations = (
				A6BBCACB1B68B3070049FB00 /* Debug */,
				A6BBCACC1B68B3070049FB00 /* Release */,
			);
			defaultConfigurationIsVisible = 0;
			defaultConfigurationName = Release;
		};
		A6BBCACD1B68B3070049FB00 /* Build configuration list for PBXNativeTarget "CubeTimeTests" */ = {
			isa = XCConfigurationList;
			buildConfigurations = (
				A6BBCACE1B68B3070049FB00 /* Debug */,
				A6BBCACF1B68B3070049FB00 /* Release */,
			);
			defaultConfigurationIsVisible = 0;
			defaultConfigurationName = Release;
		};
/* End XCConfigurationList section */

/* Begin XCVersionGroup section */
		A6409A771C276A8C007044BE /* CubeTimeData.xcdatamodeld */ = {
			isa = XCVersionGroup;
			children = (
				A6409A781C276A8C007044BE /* CubeTimeData.xcdatamodel */,
			);
			currentVersion = A6409A781C276A8C007044BE /* CubeTimeData.xcdatamodel */;
			path = CubeTimeData.xcdatamodeld;
			sourceTree = "<group>";
			versionGroupType = wrapper.xcdatamodel;
		};
/* End XCVersionGroup section */
	};
	rootObject = A6BBCAA11B68B3060049FB00 /* Project object */;
}
